// !$*UTF8*$!
{
	archiveVersion = 1;
	classes = {
	};
	objectVersion = 55;
	objects = {

/* Begin PBXBuildFile section */
		E12408F827EE48AE00B77A34 /* ColorView.swift in Sources */ = {isa = PBXBuildFile; fileRef = E12408F727EE48AE00B77A34 /* ColorView.swift */; };
		E12A013627EE663800CEC8AE /* SegmentView.swift in Sources */ = {isa = PBXBuildFile; fileRef = E12A013527EE663800CEC8AE /* SegmentView.swift */; };
		E12A014E27EF7C9F00CEC8AE /* CustomTextField.swift in Sources */ = {isa = PBXBuildFile; fileRef = E12A014D27EF7C9F00CEC8AE /* CustomTextField.swift */; };
		E12A490127E263F60037015A /* Project_To_DoApp.swift in Sources */ = {isa = PBXBuildFile; fileRef = E12A490027E263F60037015A /* Project_To_DoApp.swift */; };
		E12A490527E263F80037015A /* Assets.xcassets in Resources */ = {isa = PBXBuildFile; fileRef = E12A490427E263F80037015A /* Assets.xcassets */; };
		E12A490827E263F80037015A /* Preview Assets.xcassets in Resources */ = {isa = PBXBuildFile; fileRef = E12A490727E263F80037015A /* Preview Assets.xcassets */; };
		E12A490A27E263F80037015A /* Persistence.swift in Sources */ = {isa = PBXBuildFile; fileRef = E12A490927E263F80037015A /* Persistence.swift */; };
		E12A490D27E263F80037015A /* Project_To_Do.xcdatamodeld in Sources */ = {isa = PBXBuildFile; fileRef = E12A490B27E263F80037015A /* Project_To_Do.xcdatamodeld */; };
		E12A491727E263F80037015A /* Project_To_DoTests.swift in Sources */ = {isa = PBXBuildFile; fileRef = E12A491627E263F80037015A /* Project_To_DoTests.swift */; };
		E12A492127E263F80037015A /* Project_To_DoUITests.swift in Sources */ = {isa = PBXBuildFile; fileRef = E12A492027E263F80037015A /* Project_To_DoUITests.swift */; };
		E12A492327E263F80037015A /* Project_To_DoUITestsLaunchTests.swift in Sources */ = {isa = PBXBuildFile; fileRef = E12A492227E263F80037015A /* Project_To_DoUITestsLaunchTests.swift */; };
		E12A493127E264480037015A /* Home.swift in Sources */ = {isa = PBXBuildFile; fileRef = E12A493027E264480037015A /* Home.swift */; };
		E1E4017827E60B88006499AB /* TaskViewModel.swift in Sources */ = {isa = PBXBuildFile; fileRef = E1E4017727E60B88006499AB /* TaskViewModel.swift */; };
		E1E4017A27E61902006499AB /* DynamicFilteredView.swift in Sources */ = {isa = PBXBuildFile; fileRef = E1E4017927E61902006499AB /* DynamicFilteredView.swift */; };
		E1E4017C27E624A6006499AB /* NewTask.swift in Sources */ = {isa = PBXBuildFile; fileRef = E1E4017B27E624A6006499AB /* NewTask.swift */; };
		E1E4017E27EA2B60006499AB /* Extension.swift in Sources */ = {isa = PBXBuildFile; fileRef = E1E4017D27EA2B60006499AB /* Extension.swift */; };
		E1E8155A27F5E4CD005335ED /* Settings.swift in Sources */ = {isa = PBXBuildFile; fileRef = E1E8155927F5E4CD005335ED /* Settings.swift */; };
/* End PBXBuildFile section */

/* Begin PBXContainerItemProxy section */
		E12A491327E263F80037015A /* PBXContainerItemProxy */ = {
			isa = PBXContainerItemProxy;
			containerPortal = E12A48F527E263F60037015A /* Project object */;
			proxyType = 1;
			remoteGlobalIDString = E12A48FC27E263F60037015A;
			remoteInfo = "Project_To-Do";
		};
		E12A491D27E263F80037015A /* PBXContainerItemProxy */ = {
			isa = PBXContainerItemProxy;
			containerPortal = E12A48F527E263F60037015A /* Project object */;
			proxyType = 1;
			remoteGlobalIDString = E12A48FC27E263F60037015A;
			remoteInfo = "Project_To-Do";
		};
/* End PBXContainerItemProxy section */

/* Begin PBXFileReference section */
		E12408F727EE48AE00B77A34 /* ColorView.swift */ = {isa = PBXFileReference; fileEncoding = 4; lastKnownFileType = sourcecode.swift; path = ColorView.swift; sourceTree = "<group>"; };
		E12A013527EE663800CEC8AE /* SegmentView.swift */ = {isa = PBXFileReference; lastKnownFileType = sourcecode.swift; path = SegmentView.swift; sourceTree = "<group>"; };
		E12A014D27EF7C9F00CEC8AE /* CustomTextField.swift */ = {isa = PBXFileReference; lastKnownFileType = sourcecode.swift; path = CustomTextField.swift; sourceTree = "<group>"; };
		E12A48FD27E263F60037015A /* Project_To-Do.app */ = {isa = PBXFileReference; explicitFileType = wrapper.application; includeInIndex = 0; path = "Project_To-Do.app"; sourceTree = BUILT_PRODUCTS_DIR; };
		E12A490027E263F60037015A /* Project_To_DoApp.swift */ = {isa = PBXFileReference; lastKnownFileType = sourcecode.swift; path = Project_To_DoApp.swift; sourceTree = "<group>"; };
		E12A490427E263F80037015A /* Assets.xcassets */ = {isa = PBXFileReference; lastKnownFileType = folder.assetcatalog; path = Assets.xcassets; sourceTree = "<group>"; };
		E12A490727E263F80037015A /* Preview Assets.xcassets */ = {isa = PBXFileReference; lastKnownFileType = folder.assetcatalog; path = "Preview Assets.xcassets"; sourceTree = "<group>"; };
		E12A490927E263F80037015A /* Persistence.swift */ = {isa = PBXFileReference; lastKnownFileType = sourcecode.swift; path = Persistence.swift; sourceTree = "<group>"; };
		E12A490C27E263F80037015A /* Project_To_Do.xcdatamodel */ = {isa = PBXFileReference; lastKnownFileType = wrapper.xcdatamodel; path = Project_To_Do.xcdatamodel; sourceTree = "<group>"; };
		E12A491227E263F80037015A /* Project_To-DoTests.xctest */ = {isa = PBXFileReference; explicitFileType = wrapper.cfbundle; includeInIndex = 0; path = "Project_To-DoTests.xctest"; sourceTree = BUILT_PRODUCTS_DIR; };
		E12A491627E263F80037015A /* Project_To_DoTests.swift */ = {isa = PBXFileReference; lastKnownFileType = sourcecode.swift; path = Project_To_DoTests.swift; sourceTree = "<group>"; };
		E12A491C27E263F80037015A /* Project_To-DoUITests.xctest */ = {isa = PBXFileReference; explicitFileType = wrapper.cfbundle; includeInIndex = 0; path = "Project_To-DoUITests.xctest"; sourceTree = BUILT_PRODUCTS_DIR; };
		E12A492027E263F80037015A /* Project_To_DoUITests.swift */ = {isa = PBXFileReference; lastKnownFileType = sourcecode.swift; path = Project_To_DoUITests.swift; sourceTree = "<group>"; };
		E12A492227E263F80037015A /* Project_To_DoUITestsLaunchTests.swift */ = {isa = PBXFileReference; lastKnownFileType = sourcecode.swift; path = Project_To_DoUITestsLaunchTests.swift; sourceTree = "<group>"; };
		E12A493027E264480037015A /* Home.swift */ = {isa = PBXFileReference; lastKnownFileType = sourcecode.swift; path = Home.swift; sourceTree = "<group>"; };
		E1E4017727E60B88006499AB /* TaskViewModel.swift */ = {isa = PBXFileReference; lastKnownFileType = sourcecode.swift; path = TaskViewModel.swift; sourceTree = "<group>"; };
		E1E4017927E61902006499AB /* DynamicFilteredView.swift */ = {isa = PBXFileReference; lastKnownFileType = sourcecode.swift; path = DynamicFilteredView.swift; sourceTree = "<group>"; };
		E1E4017B27E624A6006499AB /* NewTask.swift */ = {isa = PBXFileReference; lastKnownFileType = sourcecode.swift; path = NewTask.swift; sourceTree = "<group>"; };
		E1E4017D27EA2B60006499AB /* Extension.swift */ = {isa = PBXFileReference; fileEncoding = 4; lastKnownFileType = sourcecode.swift; path = Extension.swift; sourceTree = "<group>"; };
		E1E8155927F5E4CD005335ED /* Settings.swift */ = {isa = PBXFileReference; lastKnownFileType = sourcecode.swift; path = Settings.swift; sourceTree = "<group>"; };
/* End PBXFileReference section */

/* Begin PBXFrameworksBuildPhase section */
		E12A48FA27E263F60037015A /* Frameworks */ = {
			isa = PBXFrameworksBuildPhase;
			buildActionMask = 2147483647;
			files = (
			);
			runOnlyForDeploymentPostprocessing = 0;
		};
		E12A490F27E263F80037015A /* Frameworks */ = {
			isa = PBXFrameworksBuildPhase;
			buildActionMask = 2147483647;
			files = (
			);
			runOnlyForDeploymentPostprocessing = 0;
		};
		E12A491927E263F80037015A /* Frameworks */ = {
			isa = PBXFrameworksBuildPhase;
			buildActionMask = 2147483647;
			files = (
			);
			runOnlyForDeploymentPostprocessing = 0;
		};
/* End PBXFrameworksBuildPhase section */

/* Begin PBXGroup section */
		E12A48F427E263F60037015A = {
			isa = PBXGroup;
			children = (
				E12A48FF27E263F60037015A /* Project_To-Do */,
				E12A491527E263F80037015A /* Project_To-DoTests */,
				E12A491F27E263F80037015A /* Project_To-DoUITests */,
				E12A48FE27E263F60037015A /* Products */,
			);
			sourceTree = "<group>";
		};
		E12A48FE27E263F60037015A /* Products */ = {
			isa = PBXGroup;
			children = (
				E12A48FD27E263F60037015A /* Project_To-Do.app */,
				E12A491227E263F80037015A /* Project_To-DoTests.xctest */,
				E12A491C27E263F80037015A /* Project_To-DoUITests.xctest */,
			);
			name = Products;
			sourceTree = "<group>";
		};
		E12A48FF27E263F60037015A /* Project_To-Do */ = {
			isa = PBXGroup;
			children = (
				E1E4017627E60B75006499AB /* ViewModel */,
				E12A492F27E2643B0037015A /* View */,
				E12A490027E263F60037015A /* Project_To_DoApp.swift */,
				E12A490427E263F80037015A /* Assets.xcassets */,
				E12A490927E263F80037015A /* Persistence.swift */,
				E12A490B27E263F80037015A /* Project_To_Do.xcdatamodeld */,
				E12A490627E263F80037015A /* Preview Content */,
			);
			path = "Project_To-Do";
			sourceTree = "<group>";
		};
		E12A490627E263F80037015A /* Preview Content */ = {
			isa = PBXGroup;
			children = (
				E12A490727E263F80037015A /* Preview Assets.xcassets */,
			);
			path = "Preview Content";
			sourceTree = "<group>";
		};
		E12A491527E263F80037015A /* Project_To-DoTests */ = {
			isa = PBXGroup;
			children = (
				E12A491627E263F80037015A /* Project_To_DoTests.swift */,
			);
			path = "Project_To-DoTests";
			sourceTree = "<group>";
		};
		E12A491F27E263F80037015A /* Project_To-DoUITests */ = {
			isa = PBXGroup;
			children = (
				E12A492027E263F80037015A /* Project_To_DoUITests.swift */,
				E12A492227E263F80037015A /* Project_To_DoUITestsLaunchTests.swift */,
			);
			path = "Project_To-DoUITests";
			sourceTree = "<group>";
		};
		E12A492F27E2643B0037015A /* View */ = {
			isa = PBXGroup;
			children = (
				E12A493027E264480037015A /* Home.swift */,
				E1E4017B27E624A6006499AB /* NewTask.swift */,
				E12408F727EE48AE00B77A34 /* ColorView.swift */,
				E12A013527EE663800CEC8AE /* SegmentView.swift */,
				E1E4017927E61902006499AB /* DynamicFilteredView.swift */,
				E12A014D27EF7C9F00CEC8AE /* CustomTextField.swift */,
				E1E8155927F5E4CD005335ED /* Settings.swift */,
			);
			path = View;
			sourceTree = "<group>";
		};
		E1E4017627E60B75006499AB /* ViewModel */ = {
			isa = PBXGroup;
			children = (
				E1E4017727E60B88006499AB /* TaskViewModel.swift */,
				E1E4017D27EA2B60006499AB /* Extension.swift */,
			);
			path = ViewModel;
			sourceTree = "<group>";
		};
/* End PBXGroup section */

/* Begin PBXNativeTarget section */
		E12A48FC27E263F60037015A /* Project_To-Do */ = {
			isa = PBXNativeTarget;
			buildConfigurationList = E12A492627E263F80037015A /* Build configuration list for PBXNativeTarget "Project_To-Do" */;
			buildPhases = (
				E12A48F927E263F60037015A /* Sources */,
				E12A48FA27E263F60037015A /* Frameworks */,
				E12A48FB27E263F60037015A /* Resources */,
			);
			buildRules = (
			);
			dependencies = (
			);
			name = "Project_To-Do";
			packageProductDependencies = (
			);
			productName = "Project_To-Do";
			productReference = E12A48FD27E263F60037015A /* Project_To-Do.app */;
			productType = "com.apple.product-type.application";
		};
		E12A491127E263F80037015A /* Project_To-DoTests */ = {
			isa = PBXNativeTarget;
			buildConfigurationList = E12A492927E263F80037015A /* Build configuration list for PBXNativeTarget "Project_To-DoTests" */;
			buildPhases = (
				E12A490E27E263F80037015A /* Sources */,
				E12A490F27E263F80037015A /* Frameworks */,
				E12A491027E263F80037015A /* Resources */,
			);
			buildRules = (
			);
			dependencies = (
				E12A491427E263F80037015A /* PBXTargetDependency */,
			);
			name = "Project_To-DoTests";
			productName = "Project_To-DoTests";
			productReference = E12A491227E263F80037015A /* Project_To-DoTests.xctest */;
			productType = "com.apple.product-type.bundle.unit-test";
		};
		E12A491B27E263F80037015A /* Project_To-DoUITests */ = {
			isa = PBXNativeTarget;
			buildConfigurationList = E12A492C27E263F80037015A /* Build configuration list for PBXNativeTarget "Project_To-DoUITests" */;
			buildPhases = (
				E12A491827E263F80037015A /* Sources */,
				E12A491927E263F80037015A /* Frameworks */,
				E12A491A27E263F80037015A /* Resources */,
			);
			buildRules = (
			);
			dependencies = (
				E12A491E27E263F80037015A /* PBXTargetDependency */,
			);
			name = "Project_To-DoUITests";
			productName = "Project_To-DoUITests";
			productReference = E12A491C27E263F80037015A /* Project_To-DoUITests.xctest */;
			productType = "com.apple.product-type.bundle.ui-testing";
		};
/* End PBXNativeTarget section */

/* Begin PBXProject section */
		E12A48F527E263F60037015A /* Project object */ = {
			isa = PBXProject;
			attributes = {
				BuildIndependentTargetsInParallel = 1;
				LastSwiftUpdateCheck = 1320;
				LastUpgradeCheck = 1320;
				TargetAttributes = {
					E12A48FC27E263F60037015A = {
						CreatedOnToolsVersion = 13.2.1;
					};
					E12A491127E263F80037015A = {
						CreatedOnToolsVersion = 13.2.1;
						TestTargetID = E12A48FC27E263F60037015A;
					};
					E12A491B27E263F80037015A = {
						CreatedOnToolsVersion = 13.2.1;
						TestTargetID = E12A48FC27E263F60037015A;
					};
				};
			};
			buildConfigurationList = E12A48F827E263F60037015A /* Build configuration list for PBXProject "Project_To-Do" */;
			compatibilityVersion = "Xcode 13.0";
			developmentRegion = en;
			hasScannedForEncodings = 0;
			knownRegions = (
				en,
				Base,
			);
			mainGroup = E12A48F427E263F60037015A;
			packageReferences = (
			);
			productRefGroup = E12A48FE27E263F60037015A /* Products */;
			projectDirPath = "";
			projectRoot = "";
			targets = (
				E12A48FC27E263F60037015A /* Project_To-Do */,
				E12A491127E263F80037015A /* Project_To-DoTests */,
				E12A491B27E263F80037015A /* Project_To-DoUITests */,
			);
		};
/* End PBXProject section */

/* Begin PBXResourcesBuildPhase section */
		E12A48FB27E263F60037015A /* Resources */ = {
			isa = PBXResourcesBuildPhase;
			buildActionMask = 2147483647;
			files = (
				E12A490827E263F80037015A /* Preview Assets.xcassets in Resources */,
				E12A490527E263F80037015A /* Assets.xcassets in Resources */,
			);
			runOnlyForDeploymentPostprocessing = 0;
		};
		E12A491027E263F80037015A /* Resources */ = {
			isa = PBXResourcesBuildPhase;
			buildActionMask = 2147483647;
			files = (
			);
			runOnlyForDeploymentPostprocessing = 0;
		};
		E12A491A27E263F80037015A /* Resources */ = {
			isa = PBXResourcesBuildPhase;
			buildActionMask = 2147483647;
			files = (
			);
			runOnlyForDeploymentPostprocessing = 0;
		};
/* End PBXResourcesBuildPhase section */

/* Begin PBXSourcesBuildPhase section */
		E12A48F927E263F60037015A /* Sources */ = {
			isa = PBXSourcesBuildPhase;
			buildActionMask = 2147483647;
			files = (
				E1E4017E27EA2B60006499AB /* Extension.swift in Sources */,
				E12A014E27EF7C9F00CEC8AE /* CustomTextField.swift in Sources */,
				E12A490A27E263F80037015A /* Persistence.swift in Sources */,
				E1E4017A27E61902006499AB /* DynamicFilteredView.swift in Sources */,
				E12A013627EE663800CEC8AE /* SegmentView.swift in Sources */,
				E1E4017827E60B88006499AB /* TaskViewModel.swift in Sources */,
				E1E8155A27F5E4CD005335ED /* Settings.swift in Sources */,
				E12408F827EE48AE00B77A34 /* ColorView.swift in Sources */,
				E12A490D27E263F80037015A /* Project_To_Do.xcdatamodeld in Sources */,
				E12A493127E264480037015A /* Home.swift in Sources */,
				E1E4017C27E624A6006499AB /* NewTask.swift in Sources */,
				E12A490127E263F60037015A /* Project_To_DoApp.swift in Sources */,
			);
			runOnlyForDeploymentPostprocessing = 0;
		};
		E12A490E27E263F80037015A /* Sources */ = {
			isa = PBXSourcesBuildPhase;
			buildActionMask = 2147483647;
			files = (
				E12A491727E263F80037015A /* Project_To_DoTests.swift in Sources */,
			);
			runOnlyForDeploymentPostprocessing = 0;
		};
		E12A491827E263F80037015A /* Sources */ = {
			isa = PBXSourcesBuildPhase;
			buildActionMask = 2147483647;
			files = (
				E12A492327E263F80037015A /* Project_To_DoUITestsLaunchTests.swift in Sources */,
				E12A492127E263F80037015A /* Project_To_DoUITests.swift in Sources */,
			);
			runOnlyForDeploymentPostprocessing = 0;
		};
/* End PBXSourcesBuildPhase section */

/* Begin PBXTargetDependency section */
		E12A491427E263F80037015A /* PBXTargetDependency */ = {
			isa = PBXTargetDependency;
			target = E12A48FC27E263F60037015A /* Project_To-Do */;
			targetProxy = E12A491327E263F80037015A /* PBXContainerItemProxy */;
		};
		E12A491E27E263F80037015A /* PBXTargetDependency */ = {
			isa = PBXTargetDependency;
			target = E12A48FC27E263F60037015A /* Project_To-Do */;
			targetProxy = E12A491D27E263F80037015A /* PBXContainerItemProxy */;
		};
/* End PBXTargetDependency section */

/* Begin XCBuildConfiguration section */
		E12A492427E263F80037015A /* Debug */ = {
			isa = XCBuildConfiguration;
			buildSettings = {
				ALWAYS_SEARCH_USER_PATHS = NO;
				CLANG_ANALYZER_NONNULL = YES;
				CLANG_ANALYZER_NUMBER_OBJECT_CONVERSION = YES_AGGRESSIVE;
				CLANG_CXX_LANGUAGE_STANDARD = "gnu++17";
				CLANG_CXX_LIBRARY = "libc++";
				CLANG_ENABLE_MODULES = YES;
				CLANG_ENABLE_OBJC_ARC = YES;
				CLANG_ENABLE_OBJC_WEAK = YES;
				CLANG_WARN_BLOCK_CAPTURE_AUTORELEASING = YES;
				CLANG_WARN_BOOL_CONVERSION = YES;
				CLANG_WARN_COMMA = YES;
				CLANG_WARN_CONSTANT_CONVERSION = YES;
				CLANG_WARN_DEPRECATED_OBJC_IMPLEMENTATIONS = YES;
				CLANG_WARN_DIRECT_OBJC_ISA_USAGE = YES_ERROR;
				CLANG_WARN_DOCUMENTATION_COMMENTS = YES;
				CLANG_WARN_EMPTY_BODY = YES;
				CLANG_WARN_ENUM_CONVERSION = YES;
				CLANG_WARN_INFINITE_RECURSION = YES;
				CLANG_WARN_INT_CONVERSION = YES;
				CLANG_WARN_NON_LITERAL_NULL_CONVERSION = YES;
				CLANG_WARN_OBJC_IMPLICIT_RETAIN_SELF = YES;
				CLANG_WARN_OBJC_LITERAL_CONVERSION = YES;
				CLANG_WARN_OBJC_ROOT_CLASS = YES_ERROR;
				CLANG_WARN_QUOTED_INCLUDE_IN_FRAMEWORK_HEADER = YES;
				CLANG_WARN_RANGE_LOOP_ANALYSIS = YES;
				CLANG_WARN_STRICT_PROTOTYPES = YES;
				CLANG_WARN_SUSPICIOUS_MOVE = YES;
				CLANG_WARN_UNGUARDED_AVAILABILITY = YES_AGGRESSIVE;
				CLANG_WARN_UNREACHABLE_CODE = YES;
				CLANG_WARN__DUPLICATE_METHOD_MATCH = YES;
				COPY_PHASE_STRIP = NO;
				DEBUG_INFORMATION_FORMAT = dwarf;
				ENABLE_STRICT_OBJC_MSGSEND = YES;
				ENABLE_TESTABILITY = YES;
				GCC_C_LANGUAGE_STANDARD = gnu11;
				GCC_DYNAMIC_NO_PIC = NO;
				GCC_NO_COMMON_BLOCKS = YES;
				GCC_OPTIMIZATION_LEVEL = 0;
				GCC_PREPROCESSOR_DEFINITIONS = (
					"DEBUG=1",
					"$(inherited)",
				);
				GCC_WARN_64_TO_32_BIT_CONVERSION = YES;
				GCC_WARN_ABOUT_RETURN_TYPE = YES_ERROR;
				GCC_WARN_UNDECLARED_SELECTOR = YES;
				GCC_WARN_UNINITIALIZED_AUTOS = YES_AGGRESSIVE;
				GCC_WARN_UNUSED_FUNCTION = YES;
				GCC_WARN_UNUSED_VARIABLE = YES;
				IPHONEOS_DEPLOYMENT_TARGET = 15.2;
				MTL_ENABLE_DEBUG_INFO = INCLUDE_SOURCE;
				MTL_FAST_MATH = YES;
				ONLY_ACTIVE_ARCH = YES;
				SDKROOT = iphoneos;
				SWIFT_ACTIVE_COMPILATION_CONDITIONS = DEBUG;
				SWIFT_OPTIMIZATION_LEVEL = "-Onone";
			};
			name = Debug;
		};
		E12A492527E263F80037015A /* Release */ = {
			isa = XCBuildConfiguration;
			buildSettings = {
				ALWAYS_SEARCH_USER_PATHS = NO;
				CLANG_ANALYZER_NONNULL = YES;
				CLANG_ANALYZER_NUMBER_OBJECT_CONVERSION = YES_AGGRESSIVE;
				CLANG_CXX_LANGUAGE_STANDARD = "gnu++17";
				CLANG_CXX_LIBRARY = "libc++";
				CLANG_ENABLE_MODULES = YES;
				CLANG_ENABLE_OBJC_ARC = YES;
				CLANG_ENABLE_OBJC_WEAK = YES;
				CLANG_WARN_BLOCK_CAPTURE_AUTORELEASING = YES;
				CLANG_WARN_BOOL_CONVERSION = YES;
				CLANG_WARN_COMMA = YES;
				CLANG_WARN_CONSTANT_CONVERSION = YES;
				CLANG_WARN_DEPRECATED_OBJC_IMPLEMENTATIONS = YES;
				CLANG_WARN_DIRECT_OBJC_ISA_USAGE = YES_ERROR;
				CLANG_WARN_DOCUMENTATION_COMMENTS = YES;
				CLANG_WARN_EMPTY_BODY = YES;
				CLANG_WARN_ENUM_CONVERSION = YES;
				CLANG_WARN_INFINITE_RECURSION = YES;
				CLANG_WARN_INT_CONVERSION = YES;
				CLANG_WARN_NON_LITERAL_NULL_CONVERSION = YES;
				CLANG_WARN_OBJC_IMPLICIT_RETAIN_SELF = YES;
				CLANG_WARN_OBJC_LITERAL_CONVERSION = YES;
				CLANG_WARN_OBJC_ROOT_CLASS = YES_ERROR;
				CLANG_WARN_QUOTED_INCLUDE_IN_FRAMEWORK_HEADER = YES;
				CLANG_WARN_RANGE_LOOP_ANALYSIS = YES;
				CLANG_WARN_STRICT_PROTOTYPES = YES;
				CLANG_WARN_SUSPICIOUS_MOVE = YES;
				CLANG_WARN_UNGUARDED_AVAILABILITY = YES_AGGRESSIVE;
				CLANG_WARN_UNREACHABLE_CODE = YES;
				CLANG_WARN__DUPLICATE_METHOD_MATCH = YES;
				COPY_PHASE_STRIP = NO;
				DEBUG_INFORMATION_FORMAT = "dwarf-with-dsym";
				ENABLE_NS_ASSERTIONS = NO;
				ENABLE_STRICT_OBJC_MSGSEND = YES;
				GCC_C_LANGUAGE_STANDARD = gnu11;
				GCC_NO_COMMON_BLOCKS = YES;
				GCC_WARN_64_TO_32_BIT_CONVERSION = YES;
				GCC_WARN_ABOUT_RETURN_TYPE = YES_ERROR;
				GCC_WARN_UNDECLARED_SELECTOR = YES;
				GCC_WARN_UNINITIALIZED_AUTOS = YES_AGGRESSIVE;
				GCC_WARN_UNUSED_FUNCTION = YES;
				GCC_WARN_UNUSED_VARIABLE = YES;
				IPHONEOS_DEPLOYMENT_TARGET = 15.2;
				MTL_ENABLE_DEBUG_INFO = NO;
				MTL_FAST_MATH = YES;
				SDKROOT = iphoneos;
				SWIFT_COMPILATION_MODE = wholemodule;
				SWIFT_OPTIMIZATION_LEVEL = "-O";
				VALIDATE_PRODUCT = YES;
			};
			name = Release;
		};
		E12A492727E263F80037015A /* Debug */ = {
			isa = XCBuildConfiguration;
			buildSettings = {
				ASSETCATALOG_COMPILER_APPICON_NAME = AppIcon;
				ASSETCATALOG_COMPILER_GLOBAL_ACCENT_COLOR_NAME = AccentColor;
				CODE_SIGN_STYLE = Automatic;
				CURRENT_PROJECT_VERSION = 1;
				DEVELOPMENT_ASSET_PATHS = "\"Project_To-Do/Preview Content\"";
				DEVELOPMENT_TEAM = KK9M8Z6YRL;
				ENABLE_PREVIEWS = YES;
				GENERATE_INFOPLIST_FILE = YES;
				INFOPLIST_KEY_UIApplicationSceneManifest_Generation = YES;
				INFOPLIST_KEY_UIApplicationSupportsIndirectInputEvents = YES;
				INFOPLIST_KEY_UILaunchScreen_Generation = YES;
				INFOPLIST_KEY_UISupportedInterfaceOrientations = "UIInterfaceOrientationPortrait UIInterfaceOrientationPortraitUpsideDown";
				INFOPLIST_KEY_UISupportedInterfaceOrientations_iPad = "UIInterfaceOrientationPortrait UIInterfaceOrientationPortraitUpsideDown UIInterfaceOrientationLandscapeLeft UIInterfaceOrientationLandscapeRight";
				INFOPLIST_KEY_UISupportedInterfaceOrientations_iPhone = "UIInterfaceOrientationPortrait UIInterfaceOrientationLandscapeLeft UIInterfaceOrientationLandscapeRight";
				IPHONEOS_DEPLOYMENT_TARGET = 14.0;
				LD_RUNPATH_SEARCH_PATHS = (
					"$(inherited)",
					"@executable_path/Frameworks",
				);
				MARKETING_VERSION = 1.0;
				PRODUCT_BUNDLE_IDENTIFIER = "com.mertcelik.Project-To-Do";
				PRODUCT_NAME = "$(TARGET_NAME)";
				SWIFT_EMIT_LOC_STRINGS = YES;
				SWIFT_VERSION = 5.0;
				TARGETED_DEVICE_FAMILY = "1,2";
			};
			name = Debug;
		};
		E12A492827E263F80037015A /* Release */ = {
			isa = XCBuildConfiguration;
			buildSettings = {
				ASSETCATALOG_COMPILER_APPICON_NAME = AppIcon;
				ASSETCATALOG_COMPILER_GLOBAL_ACCENT_COLOR_NAME = AccentColor;
				CODE_SIGN_STYLE = Automatic;
				CURRENT_PROJECT_VERSION = 1;
				DEVELOPMENT_ASSET_PATHS = "\"Project_To-Do/Preview Content\"";
				DEVELOPMENT_TEAM = KK9M8Z6YRL;
				ENABLE_PREVIEWS = YES;
				GENERATE_INFOPLIST_FILE = YES;
				INFOPLIST_KEY_UIApplicationSceneManifest_Generation = YES;
				INFOPLIST_KEY_UIApplicationSupportsIndirectInputEvents = YES;
				INFOPLIST_KEY_UILaunchScreen_Generation = YES;
				INFOPLIST_KEY_UISupportedInterfaceOrientations = "UIInterfaceOrientationPortrait UIInterfaceOrientationPortraitUpsideDown";
				INFOPLIST_KEY_UISupportedInterfaceOrientations_iPad = "UIInterfaceOrientationPortrait UIInterfaceOrientationPortraitUpsideDown UIInterfaceOrientationLandscapeLeft UIInterfaceOrientationLandscapeRight";
				INFOPLIST_KEY_UISupportedInterfaceOrientations_iPhone = "UIInterfaceOrientationPortrait UIInterfaceOrientationLandscapeLeft UIInterfaceOrientationLandscapeRight";
				IPHONEOS_DEPLOYMENT_TARGET = 14.0;
				LD_RUNPATH_SEARCH_PATHS = (
					"$(inherited)",
					"@executable_path/Frameworks",
				);
				MARKETING_VERSION = 1.0;
				PRODUCT_BUNDLE_IDENTIFIER = "com.mertcelik.Project-To-Do";
				PRODUCT_NAME = "$(TARGET_NAME)";
				SWIFT_EMIT_LOC_STRINGS = YES;
				SWIFT_VERSION = 5.0;
				TARGETED_DEVICE_FAMILY = "1,2";
			};
			name = Release;
		};
		E12A492A27E263F80037015A /* Debug */ = {
			isa = XCBuildConfiguration;
			buildSettings = {
				ALWAYS_EMBED_SWIFT_STANDARD_LIBRARIES = YES;
				BUNDLE_LOADER = "$(TEST_HOST)";
				CODE_SIGN_STYLE = Automatic;
				CURRENT_PROJECT_VERSION = 1;
				DEVELOPMENT_TEAM = R673V2XUP3;
				GENERATE_INFOPLIST_FILE = YES;
				IPHONEOS_DEPLOYMENT_TARGET = 15.2;
				MARKETING_VERSION = 1.0;
				PRODUCT_BUNDLE_IDENTIFIER = "com.mertcelik.Project-To-DoTests";
				PRODUCT_NAME = "$(TARGET_NAME)";
				SWIFT_EMIT_LOC_STRINGS = NO;
				SWIFT_VERSION = 5.0;
				TARGETED_DEVICE_FAMILY = "1,2";
				TEST_HOST = "$(BUILT_PRODUCTS_DIR)/Project_To-Do.app/Project_To-Do";
			};
			name = Debug;
		};
		E12A492B27E263F80037015A /* Release */ = {
			isa = XCBuildConfiguration;
			buildSettings = {
				ALWAYS_EMBED_SWIFT_STANDARD_LIBRARIES = YES;
				BUNDLE_LOADER = "$(TEST_HOST)";
				CODE_SIGN_STYLE = Automatic;
				CURRENT_PROJECT_VERSION = 1;
				DEVELOPMENT_TEAM = R673V2XUP3;
				GENERATE_INFOPLIST_FILE = YES;
				IPHONEOS_DEPLOYMENT_TARGET = 15.2;
				MARKETING_VERSION = 1.0;
				PRODUCT_BUNDLE_IDENTIFIER = "com.mertcelik.Project-To-DoTests";
				PRODUCT_NAME = "$(TARGET_NAME)";
				SWIFT_EMIT_LOC_STRINGS = NO;
				SWIFT_VERSION = 5.0;
				TARGETED_DEVICE_FAMILY = "1,2";
				TEST_HOST = "$(BUILT_PRODUCTS_DIR)/Project_To-Do.app/Project_To-Do";
			};
			name = Release;
		};
		E12A492D27E263F80037015A /* Debug */ = {
			isa = XCBuildConfiguration;
			buildSettings = {
				ALWAYS_EMBED_SWIFT_STANDARD_LIBRARIES = YES;
				CODE_SIGN_STYLE = Automatic;
				CURRENT_PROJECT_VERSION = 1;
				DEVELOPMENT_TEAM = R673V2XUP3;
				GENERATE_INFOPLIST_FILE = YES;
				MARKETING_VERSION = 1.0;
				PRODUCT_BUNDLE_IDENTIFIER = "com.mertcelik.Project-To-DoUITests";
				PRODUCT_NAME = "$(TARGET_NAME)";
				SWIFT_EMIT_LOC_STRINGS = NO;
				SWIFT_VERSION = 5.0;
				TARGETED_DEVICE_FAMILY = "1,2";
				TEST_TARGET_NAME = "Project_To-Do";
			};
			name = Debug;
		};
		E12A492E27E263F80037015A /* Release */ = {
			isa = XCBuildConfiguration;
			buildSettings = {
				ALWAYS_EMBED_SWIFT_STANDARD_LIBRARIES = YES;
				CODE_SIGN_STYLE = Automatic;
				CURRENT_PROJECT_VERSION = 1;
				DEVELOPMENT_TEAM = R673V2XUP3;
				GENERATE_INFOPLIST_FILE = YES;
				MARKETING_VERSION = 1.0;
				PRODUCT_BUNDLE_IDENTIFIER = "com.mertcelik.Project-To-DoUITests";
				PRODUCT_NAME = "$(TARGET_NAME)";
				SWIFT_EMIT_LOC_STRINGS = NO;
				SWIFT_VERSION = 5.0;
				TARGETED_DEVICE_FAMILY = "1,2";
				TEST_TARGET_NAME = "Project_To-Do";
			};
			name = Release;
		};
/* End XCBuildConfiguration section */

/* Begin XCConfigurationList section */
		E12A48F827E263F60037015A /* Build configuration list for PBXProject "Project_To-Do" */ = {
			isa = XCConfigurationList;
			buildConfigurations = (
				E12A492427E263F80037015A /* Debug */,
				E12A492527E263F80037015A /* Release */,
			);
			defaultConfigurationIsVisible = 0;
			defaultConfigurationName = Release;
		};
		E12A492627E263F80037015A /* Build configuration list for PBXNativeTarget "Project_To-Do" */ = {
			isa = XCConfigurationList;
			buildConfigurations = (
				E12A492727E263F80037015A /* Debug */,
				E12A492827E263F80037015A /* Release */,
			);
			defaultConfigurationIsVisible = 0;
			defaultConfigurationName = Release;
		};
		E12A492927E263F80037015A /* Build configuration list for PBXNativeTarget "Project_To-DoTests" */ = {
			isa = XCConfigurationList;
			buildConfigurations = (
				E12A492A27E263F80037015A /* Debug */,
				E12A492B27E263F80037015A /* Release */,
			);
			defaultConfigurationIsVisible = 0;
			defaultConfigurationName = Release;
		};
		E12A492C27E263F80037015A /* Build configuration list for PBXNativeTarget "Project_To-DoUITests" */ = {
			isa = XCConfigurationList;
			buildConfigurations = (
				E12A492D27E263F80037015A /* Debug */,
				E12A492E27E263F80037015A /* Release */,
			);
			defaultConfigurationIsVisible = 0;
			defaultConfigurationName = Release;
		};
/* End XCConfigurationList section */

/* Begin XCVersionGroup section */
		E12A490B27E263F80037015A /* Project_To_Do.xcdatamodeld */ = {
			isa = XCVersionGroup;
			children = (
				E12A490C27E263F80037015A /* Project_To_Do.xcdatamodel */,
			);
			currentVersion = E12A490C27E263F80037015A /* Project_To_Do.xcdatamodel */;
			path = Project_To_Do.xcdatamodeld;
			sourceTree = "<group>";
			versionGroupType = wrapper.xcdatamodel;
		};
/* End XCVersionGroup section */
	};
	rootObject = E12A48F527E263F60037015A /* Project object */;
}
